// !$*UTF8*$!
{
	archiveVersion = 1;
	classes = {
	};
	objectVersion = 46;
	objects = {

/* Begin PBXBuildFile section */
		B74D1E5ABEDCEA2D04A3C826 /* Pods_displaycase.framework in Frameworks */ = {isa = PBXBuildFile; fileRef = E9EE3FF7BE62BC38BC4B428E /* Pods_displaycase.framework */; };
		FD94DF441E64F9F000784AF8 /* AppDelegate.swift in Sources */ = {isa = PBXBuildFile; fileRef = FD94DF431E64F9F000784AF8 /* AppDelegate.swift */; };
		FD94DF461E64F9F000784AF8 /* ViewController.swift in Sources */ = {isa = PBXBuildFile; fileRef = FD94DF451E64F9F000784AF8 /* ViewController.swift */; };
		FD94DF491E64F9F000784AF8 /* Main.storyboard in Resources */ = {isa = PBXBuildFile; fileRef = FD94DF471E64F9F000784AF8 /* Main.storyboard */; };
		FD94DF4B1E64F9F000784AF8 /* Assets.xcassets in Resources */ = {isa = PBXBuildFile; fileRef = FD94DF4A1E64F9F000784AF8 /* Assets.xcassets */; };
		FD94DF4E1E64F9F000784AF8 /* LaunchScreen.storyboard in Resources */ = {isa = PBXBuildFile; fileRef = FD94DF4C1E64F9F000784AF8 /* LaunchScreen.storyboard */; };
		FD94DF561E64FAAB00784AF8 /* GoogleService-Info.plist in Resources */ = {isa = PBXBuildFile; fileRef = FD94DF551E64FAAB00784AF8 /* GoogleService-Info.plist */; };
		FD94DF581E64FDC600784AF8 /* FBSDKLoginKit.framework in Frameworks */ = {isa = PBXBuildFile; fileRef = FD94DF571E64FDC600784AF8 /* FBSDKLoginKit.framework */; };
		FD94DF5A1E650C8A00784AF8 /* Bolts.framework in Frameworks */ = {isa = PBXBuildFile; fileRef = FD94DF591E650C8A00784AF8 /* Bolts.framework */; };
		FD94DF5C1E650C9A00784AF8 /* FBSDKCoreKit.framework in Frameworks */ = {isa = PBXBuildFile; fileRef = FD94DF5B1E650C9A00784AF8 /* FBSDKCoreKit.framework */; };
/* End PBXBuildFile section */

/* Begin PBXFileReference section */
		67B9AB339B78D22DCC16E78F /* Pods-displaycase.debug.xcconfig */ = {isa = PBXFileReference; includeInIndex = 1; lastKnownFileType = text.xcconfig; name = "Pods-displaycase.debug.xcconfig"; path = "Pods/Target Support Files/Pods-displaycase/Pods-displaycase.debug.xcconfig"; sourceTree = "<group>"; };
		E9EE3FF7BE62BC38BC4B428E /* Pods_displaycase.framework */ = {isa = PBXFileReference; explicitFileType = wrapper.framework; includeInIndex = 0; path = Pods_displaycase.framework; sourceTree = BUILT_PRODUCTS_DIR; };
		FD94DF401E64F9EF00784AF8 /* displaycase.app */ = {isa = PBXFileReference; explicitFileType = wrapper.application; includeInIndex = 0; path = displaycase.app; sourceTree = BUILT_PRODUCTS_DIR; };
		FD94DF431E64F9F000784AF8 /* AppDelegate.swift */ = {isa = PBXFileReference; lastKnownFileType = sourcecode.swift; path = AppDelegate.swift; sourceTree = "<group>"; };
		FD94DF451E64F9F000784AF8 /* ViewController.swift */ = {isa = PBXFileReference; lastKnownFileType = sourcecode.swift; path = ViewController.swift; sourceTree = "<group>"; };
		FD94DF481E64F9F000784AF8 /* Base */ = {isa = PBXFileReference; lastKnownFileType = file.storyboard; name = Base; path = Base.lproj/Main.storyboard; sourceTree = "<group>"; };
		FD94DF4A1E64F9F000784AF8 /* Assets.xcassets */ = {isa = PBXFileReference; lastKnownFileType = folder.assetcatalog; path = Assets.xcassets; sourceTree = "<group>"; };
		FD94DF4D1E64F9F000784AF8 /* Base */ = {isa = PBXFileReference; lastKnownFileType = file.storyboard; name = Base; path = Base.lproj/LaunchScreen.storyboard; sourceTree = "<group>"; };
		FD94DF4F1E64F9F000784AF8 /* Info.plist */ = {isa = PBXFileReference; lastKnownFileType = text.plist.xml; path = Info.plist; sourceTree = "<group>"; };
		FD94DF551E64FAAB00784AF8 /* GoogleService-Info.plist */ = {isa = PBXFileReference; fileEncoding = 4; lastKnownFileType = text.plist.xml; path = "GoogleService-Info.plist"; sourceTree = "<group>"; };
		FD94DF571E64FDC600784AF8 /* FBSDKLoginKit.framework */ = {isa = PBXFileReference; lastKnownFileType = wrapper.framework; path = FBSDKLoginKit.framework; sourceTree = "<group>"; };
		FD94DF591E650C8A00784AF8 /* Bolts.framework */ = {isa = PBXFileReference; lastKnownFileType = wrapper.framework; path = Bolts.framework; sourceTree = "<group>"; };
		FD94DF5B1E650C9A00784AF8 /* FBSDKCoreKit.framework */ = {isa = PBXFileReference; lastKnownFileType = wrapper.framework; path = FBSDKCoreKit.framework; sourceTree = "<group>"; };
		FFE1518A196815FA791894F4 /* Pods-displaycase.release.xcconfig */ = {isa = PBXFileReference; includeInIndex = 1; lastKnownFileType = text.xcconfig; name = "Pods-displaycase.release.xcconfig"; path = "Pods/Target Support Files/Pods-displaycase/Pods-displaycase.release.xcconfig"; sourceTree = "<group>"; };
/* End PBXFileReference section */

/* Begin PBXFrameworksBuildPhase section */
		FD94DF3D1E64F9E900784AF8 /* Frameworks */ = {
			isa = PBXFrameworksBuildPhase;
			buildActionMask = 2147483647;
			files = (
				FD94DF5A1E650C8A00784AF8 /* Bolts.framework in Frameworks */,
				FD94DF5C1E650C9A00784AF8 /* FBSDKCoreKit.framework in Frameworks */,
				FD94DF581E64FDC600784AF8 /* FBSDKLoginKit.framework in Frameworks */,
				B74D1E5ABEDCEA2D04A3C826 /* Pods_displaycase.framework in Frameworks */,
			);
			runOnlyForDeploymentPostprocessing = 0;
		};
/* End PBXFrameworksBuildPhase section */

/* Begin PBXGroup section */
		0C839778470F56819FE8A44A /* Pods */ = {
			isa = PBXGroup;
			children = (
				67B9AB339B78D22DCC16E78F /* Pods-displaycase.debug.xcconfig */,
				FFE1518A196815FA791894F4 /* Pods-displaycase.release.xcconfig */,
			);
			name = Pods;
			sourceTree = "<group>";
		};
		CD91DCB0C51E6AF9AFF293F5 /* Frameworks */ = {
			isa = PBXGroup;
			children = (
				FD94DF5B1E650C9A00784AF8 /* FBSDKCoreKit.framework */,
				FD94DF591E650C8A00784AF8 /* Bolts.framework */,
				FD94DF571E64FDC600784AF8 /* FBSDKLoginKit.framework */,
				E9EE3FF7BE62BC38BC4B428E /* Pods_displaycase.framework */,
			);
			name = Frameworks;
			sourceTree = "<group>";
		};
		FD94DF371E64F9E900784AF8 = {
			isa = PBXGroup;
			children = (
				FD94DF421E64F9EF00784AF8 /* displaycase */,
				FD94DF411E64F9EF00784AF8 /* Products */,
				0C839778470F56819FE8A44A /* Pods */,
				CD91DCB0C51E6AF9AFF293F5 /* Frameworks */,
			);
			sourceTree = "<group>";
		};
		FD94DF411E64F9EF00784AF8 /* Products */ = {
			isa = PBXGroup;
			children = (
				FD94DF401E64F9EF00784AF8 /* displaycase.app */,
			);
			name = Products;
			sourceTree = "<group>";
		};
		FD94DF421E64F9EF00784AF8 /* displaycase */ = {
			isa = PBXGroup;
			children = (
				FD94DF431E64F9F000784AF8 /* AppDelegate.swift */,
				FD94DF451E64F9F000784AF8 /* ViewController.swift */,
				FD94DF471E64F9F000784AF8 /* Main.storyboard */,
				FD94DF4A1E64F9F000784AF8 /* Assets.xcassets */,
				FD94DF4C1E64F9F000784AF8 /* LaunchScreen.storyboard */,
				FD94DF4F1E64F9F000784AF8 /* Info.plist */,
				FD94DF551E64FAAB00784AF8 /* GoogleService-Info.plist */,
			);
			path = displaycase;
			sourceTree = "<group>";
		};
/* End PBXGroup section */

/* Begin PBXNativeTarget section */
		FD94DF3F1E64F9E900784AF8 /* displaycase */ = {
			isa = PBXNativeTarget;
			buildConfigurationList = FD94DF521E64F9F000784AF8 /* Build configuration list for PBXNativeTarget "displaycase" */;
			buildPhases = (
				F62F35522E3FA8946DC5C0AA /* [CP] Check Pods Manifest.lock */,
				FD94DF3C1E64F9E900784AF8 /* Sources */,
				FD94DF3D1E64F9E900784AF8 /* Frameworks */,
				FD94DF3E1E64F9E900784AF8 /* Resources */,
				471EC6B30A21019671A42558 /* [CP] Embed Pods Frameworks */,
				C30831646B89A8F38522F5FA /* [CP] Copy Pods Resources */,
			);
			buildRules = (
			);
			dependencies = (
			);
			name = displaycase;
			productName = displaycase;
			productReference = FD94DF401E64F9EF00784AF8 /* displaycase.app */;
			productType = "com.apple.product-type.application";
		};
/* End PBXNativeTarget section */

/* Begin PBXProject section */
		FD94DF381E64F9E900784AF8 /* Project object */ = {
			isa = PBXProject;
			attributes = {
				LastSwiftUpdateCheck = 0820;
				LastUpgradeCheck = 0820;
				ORGANIZATIONNAME = "JuanPa Villa";
				TargetAttributes = {
					FD94DF3F1E64F9E900784AF8 = {
						CreatedOnToolsVersion = 8.2.1;
						DevelopmentTeam = L989NBC27U;
						ProvisioningStyle = Automatic;
					};
				};
			};
			buildConfigurationList = FD94DF3B1E64F9E900784AF8 /* Build configuration list for PBXProject "displaycase" */;
			compatibilityVersion = "Xcode 3.2";
			developmentRegion = English;
			hasScannedForEncodings = 0;
			knownRegions = (
				en,
				Base,
			);
			mainGroup = FD94DF371E64F9E900784AF8;
			productRefGroup = FD94DF411E64F9EF00784AF8 /* Products */;
			projectDirPath = "";
			projectRoot = "";
			targets = (
				FD94DF3F1E64F9E900784AF8 /* displaycase */,
			);
		};
/* End PBXProject section */

/* Begin PBXResourcesBuildPhase section */
		FD94DF3E1E64F9E900784AF8 /* Resources */ = {
			isa = PBXResourcesBuildPhase;
			buildActionMask = 2147483647;
			files = (
				FD94DF4E1E64F9F000784AF8 /* LaunchScreen.storyboard in Resources */,
				FD94DF561E64FAAB00784AF8 /* GoogleService-Info.plist in Resources */,
				FD94DF4B1E64F9F000784AF8 /* Assets.xcassets in Resources */,
				FD94DF491E64F9F000784AF8 /* Main.storyboard in Resources */,
			);
			runOnlyForDeploymentPostprocessing = 0;
		};
/* End PBXResourcesBuildPhase section */

/* Begin PBXShellScriptBuildPhase section */
		471EC6B30A21019671A42558 /* [CP] Embed Pods Frameworks */ = {
			isa = PBXShellScriptBuildPhase;
			buildActionMask = 2147483647;
			files = (
			);
			inputPaths = (
			);
			name = "[CP] Embed Pods Frameworks";
			outputPaths = (
			);
			runOnlyForDeploymentPostprocessing = 0;
			shellPath = /bin/sh;
			shellScript = "\"${SRCROOT}/Pods/Target Support Files/Pods-displaycase/Pods-displaycase-frameworks.sh\"\n";
			showEnvVarsInLog = 0;
		};
		C30831646B89A8F38522F5FA /* [CP] Copy Pods Resources */ = {
			isa = PBXShellScriptBuildPhase;
			buildActionMask = 2147483647;
			files = (
			);
			inputPaths = (
			);
			name = "[CP] Copy Pods Resources";
			outputPaths = (
			);
			runOnlyForDeploymentPostprocessing = 0;
			shellPath = /bin/sh;
			shellScript = "\"${SRCROOT}/Pods/Target Support Files/Pods-displaycase/Pods-displaycase-resources.sh\"\n";
			showEnvVarsInLog = 0;
		};
		F62F35522E3FA8946DC5C0AA /* [CP] Check Pods Manifest.lock */ = {
			isa = PBXShellScriptBuildPhase;
			buildActionMask = 2147483647;
			files = (
			);
			inputPaths = (
			);
			name = "[CP] Check Pods Manifest.lock";
			outputPaths = (
			);
			runOnlyForDeploymentPostprocessing = 0;
			shellPath = /bin/sh;
			shellScript = "diff \"${PODS_ROOT}/../Podfile.lock\" \"${PODS_ROOT}/Manifest.lock\" > /dev/null\nif [ $? != 0 ] ; then\n    # print error to STDERR\n    echo \"error: The sandbox is not in sync with the Podfile.lock. Run 'pod install' or update your CocoaPods installation.\" >&2\n    exit 1\nfi\n";
			showEnvVarsInLog = 0;
		};
/* End PBXShellScriptBuildPhase section */

/* Begin PBXSourcesBuildPhase section */
		FD94DF3C1E64F9E900784AF8 /* Sources */ = {
			isa = PBXSourcesBuildPhase;
			buildActionMask = 2147483647;
			files = (
				FD94DF461E64F9F000784AF8 /* ViewController.swift in Sources */,
				FD94DF441E64F9F000784AF8 /* AppDelegate.swift in Sources */,
			);
			runOnlyForDeploymentPostprocessing = 0;
		};
/* End PBXSourcesBuildPhase section */

/* Begin PBXVariantGroup section */
		FD94DF471E64F9F000784AF8 /* Main.storyboard */ = {
			isa = PBXVariantGroup;
			children = (
				FD94DF481E64F9F000784AF8 /* Base */,
			);
			name = Main.storyboard;
			sourceTree = "<group>";
		};
		FD94DF4C1E64F9F000784AF8 /* LaunchScreen.storyboard */ = {
			isa = PBXVariantGroup;
			children = (
				FD94DF4D1E64F9F000784AF8 /* Base */,
			);
			name = LaunchScreen.storyboard;
			sourceTree = "<group>";
		};
/* End PBXVariantGroup section */

/* Begin XCBuildConfiguration section */
		FD94DF501E64F9F000784AF8 /* Debug */ = {
			isa = XCBuildConfiguration;
			buildSettings = {
				ALWAYS_SEARCH_USER_PATHS = NO;
				CLANG_ANALYZER_NONNULL = YES;
				CLANG_CXX_LANGUAGE_STANDARD = "gnu++0x";
				CLANG_CXX_LIBRARY = "libc++";
				CLANG_ENABLE_MODULES = YES;
				CLANG_ENABLE_OBJC_ARC = YES;
				CLANG_WARN_BOOL_CONVERSION = YES;
				CLANG_WARN_CONSTANT_CONVERSION = YES;
				CLANG_WARN_DIRECT_OBJC_ISA_USAGE = YES_ERROR;
				CLANG_WARN_DOCUMENTATION_COMMENTS = YES;
				CLANG_WARN_EMPTY_BODY = YES;
				CLANG_WARN_ENUM_CONVERSION = YES;
				CLANG_WARN_INFINITE_RECURSION = YES;
				CLANG_WARN_INT_CONVERSION = YES;
				CLANG_WARN_OBJC_ROOT_CLASS = YES_ERROR;
				CLANG_WARN_SUSPICIOUS_MOVE = YES;
				CLANG_WARN_UNREACHABLE_CODE = YES;
				CLANG_WARN__DUPLICATE_METHOD_MATCH = YES;
				"CODE_SIGN_IDENTITY[sdk=iphoneos*]" = "iPhone Developer";
				COPY_PHASE_STRIP = NO;
				DEBUG_INFORMATION_FORMAT = dwarf;
				ENABLE_STRICT_OBJC_MSGSEND = YES;
				ENABLE_TESTABILITY = YES;
				FRAMEWORK_SEARCH_PATHS = "~/Documents/FacebookSDK";
				GCC_C_LANGUAGE_STANDARD = gnu99;
				GCC_DYNAMIC_NO_PIC = NO;
				GCC_NO_COMMON_BLOCKS = YES;
				GCC_OPTIMIZATION_LEVEL = 0;
				GCC_PREPROCESSOR_DEFINITIONS = (
					"DEBUG=1",
					"$(inherited)",
				);
				GCC_WARN_64_TO_32_BIT_CONVERSION = YES;
				GCC_WARN_ABOUT_RETURN_TYPE = YES_ERROR;
				GCC_WARN_UNDECLARED_SELECTOR = YES;
				GCC_WARN_UNINITIALIZED_AUTOS = YES_AGGRESSIVE;
				GCC_WARN_UNUSED_FUNCTION = YES;
				GCC_WARN_UNUSED_VARIABLE = YES;
				IPHONEOS_DEPLOYMENT_TARGET = 10.2;
				MTL_ENABLE_DEBUG_INFO = YES;
				ONLY_ACTIVE_ARCH = YES;
				SDKROOT = iphoneos;
				SWIFT_ACTIVE_COMPILATION_CONDITIONS = DEBUG;
				SWIFT_OPTIMIZATION_LEVEL = "-Onone";
				TARGETED_DEVICE_FAMILY = "1,2";
			};
			name = Debug;
		};
		FD94DF511E64F9F000784AF8 /* Release */ = {
			isa = XCBuildConfiguration;
			buildSettings = {
				ALWAYS_SEARCH_USER_PATHS = NO;
				CLANG_ANALYZER_NONNULL = YES;
				CLANG_CXX_LANGUAGE_STANDARD = "gnu++0x";
				CLANG_CXX_LIBRARY = "libc++";
				CLANG_ENABLE_MODULES = YES;
				CLANG_ENABLE_OBJC_ARC = YES;
				CLANG_WARN_BOOL_CONVERSION = YES;
				CLANG_WARN_CONSTANT_CONVERSION = YES;
				CLANG_WARN_DIRECT_OBJC_ISA_USAGE = YES_ERROR;
				CLANG_WARN_DOCUMENTATION_COMMENTS = YES;
				CLANG_WARN_EMPTY_BODY = YES;
				CLANG_WARN_ENUM_CONVERSION = YES;
				CLANG_WARN_INFINITE_RECURSION = YES;
				CLANG_WARN_INT_CONVERSION = YES;
				CLANG_WARN_OBJC_ROOT_CLASS = YES_ERROR;
				CLANG_WARN_SUSPICIOUS_MOVE = YES;
				CLANG_WARN_UNREACHABLE_CODE = YES;
				CLANG_WARN__DUPLICATE_METHOD_MATCH = YES;
				"CODE_SIGN_IDENTITY[sdk=iphoneos*]" = "iPhone Developer";
				COPY_PHASE_STRIP = NO;
				DEBUG_INFORMATION_FORMAT = "dwarf-with-dsym";
				ENABLE_NS_ASSERTIONS = NO;
				ENABLE_STRICT_OBJC_MSGSEND = YES;
				FRAMEWORK_SEARCH_PATHS = "~/Documents/FacebookSDK";
				GCC_C_LANGUAGE_STANDARD = gnu99;
				GCC_NO_COMMON_BLOCKS = YES;
				GCC_WARN_64_TO_32_BIT_CONVERSION = YES;
				GCC_WARN_ABOUT_RETURN_TYPE = YES_ERROR;
				GCC_WARN_UNDECLARED_SELECTOR = YES;
				GCC_WARN_UNINITIALIZED_AUTOS = YES_AGGRESSIVE;
				GCC_WARN_UNUSED_FUNCTION = YES;
				GCC_WARN_UNUSED_VARIABLE = YES;
				IPHONEOS_DEPLOYMENT_TARGET = 10.2;
				MTL_ENABLE_DEBUG_INFO = NO;
				SDKROOT = iphoneos;
				SWIFT_OPTIMIZATION_LEVEL = "-Owholemodule";
				TARGETED_DEVICE_FAMILY = "1,2";
				VALIDATE_PRODUCT = YES;
			};
			name = Release;
		};
		FD94DF531E64F9F000784AF8 /* Debug */ = {
			isa = XCBuildConfiguration;
			baseConfigurationReference = 67B9AB339B78D22DCC16E78F /* Pods-displaycase.debug.xcconfig */;
			buildSettings = {
				ASSETCATALOG_COMPILER_APPICON_NAME = AppIcon;
				DEVELOPMENT_TEAM = L989NBC27U;
				FRAMEWORK_SEARCH_PATHS = (
					"$(inherited)",
					"$(PROJECT_DIR)",
				);
				INFOPLIST_FILE = displaycase/Info.plist;
				LD_RUNPATH_SEARCH_PATHS = "$(inherited) @executable_path/Frameworks";
				PRODUCT_BUNDLE_IDENTIFIER = com.jptestings.displaycase;
				PRODUCT_NAME = "$(TARGET_NAME)";
				SWIFT_VERSION = 3.0;
			};
			name = Debug;
		};
		FD94DF541E64F9F000784AF8 /* Release */ = {
			isa = XCBuildConfiguration;
			baseConfigurationReference = FFE1518A196815FA791894F4 /* Pods-displaycase.release.xcconfig */;
			buildSettings = {
				ASSETCATALOG_COMPILER_APPICON_NAME = AppIcon;
				DEVELOPMENT_TEAM = L989NBC27U;
				FRAMEWORK_SEARCH_PATHS = (
					"$(inherited)",
					"$(PROJECT_DIR)",
				);
				INFOPLIST_FILE = displaycase/Info.plist;
				LD_RUNPATH_SEARCH_PATHS = "$(inherited) @executable_path/Frameworks";
				PRODUCT_BUNDLE_IDENTIFIER = com.jptestings.displaycase;
				PRODUCT_NAME = "$(TARGET_NAME)";
				SWIFT_VERSION = 3.0;
			};
			name = Release;
		};
/* End XCBuildConfiguration section */

/* Begin XCConfigurationList section */
		FD94DF3B1E64F9E900784AF8 /* Build configuration list for PBXProject "displaycase" */ = {
			isa = XCConfigurationList;
			buildConfigurations = (
				FD94DF501E64F9F000784AF8 /* Debug */,
				FD94DF511E64F9F000784AF8 /* Release */,
			);
			defaultConfigurationIsVisible = 0;
			defaultConfigurationName = Release;
		};
		FD94DF521E64F9F000784AF8 /* Build configuration list for PBXNativeTarget "displaycase" */ = {
			isa = XCConfigurationList;
			buildConfigurations = (
				FD94DF531E64F9F000784AF8 /* Debug */,
				FD94DF541E64F9F000784AF8 /* Release */,
			);
			defaultConfigurationIsVisible = 0;
			defaultConfigurationName = Release;
		};
/* End XCConfigurationList section */
	};
	rootObject = FD94DF381E64F9E900784AF8 /* Project object */;
}
